{
  "requires": true,
  "lockfileVersion": 1,
  "dependencies": {
    "spacetime": {
      "version": "6.12.1",
      "resolved": "https://registry.npmjs.org/spacetime/-/spacetime-6.12.1.tgz",
      "integrity": "sha512-mUA1xnVDX0RxF+HaAA0pOui3ePjTCkVx81DsMpSVwidQJjJgMxD39N5cKjCkOqDKKHjPmq73cF6X14b6+Oy9aA=="
    },
    "tz-lookup": {
      "version": "6.1.25",
      "resolved": "https://registry.npmjs.org/tz-lookup/-/tz-lookup-6.1.25.tgz",
      "integrity": "sha512-fFewT9o1uDzsW1QnUU1ValqaihFnwiUiiHr1S79/fxOzKXYYvX+EHeRnpvQJ9B3Qg67wPXT6QF2Esc4pFOrvLg=="
    }
  }
}
